
Microsoft Visual Studio Solution File, Format Version 12.00
# Visual Studio 15
Project("{FAE04EC0-301F-11D3-BF4B-00C04F79EFBC}") = "Mirror", "Mirror.csproj", "{371AC097-6FF0-4217-6234-D245821CDD15}"
EndProject
Project("{FAE04EC0-301F-11D3-BF4B-00C04F79EFBC}") = "Mirror.Components", "Mirror.Components.csproj", "{5908AE7B-EA10-246A-62FA-563489BE0D5E}"
EndProject
Project("{FAE04EC0-301F-11D3-BF4B-00C04F79EFBC}") = "Assembly-CSharp", "Assembly-CSharp.csproj", "{E0404ABB-B95F-CC5E-2265-A594C4A8DC66}"
EndProject
Project("{FAE04EC0-301F-11D3-BF4B-00C04F79EFBC}") = "Ninja.WebSockets", "Ninja.WebSockets.csproj", "{0E5AE846-11C4-82B3-8FDC-265130604C5A}"
EndProject
Project("{FAE04EC0-301F-11D3-BF4B-00C04F79EFBC}") = "Mirror.Examples", "Mirror.Examples.csproj", "{BB71E8D9-EC83-E806-4F58-44DF5B194C94}"
EndProject
Project("{FAE04EC0-301F-11D3-BF4B-00C04F79EFBC}") = "Mirror.Authenticators", "Mirror.Authenticators.csproj", "{86E8AD2B-5BC7-10CB-0949-3F4D98A73B95}"
EndProject
Project("{FAE04EC0-301F-11D3-BF4B-00C04F79EFBC}") = "Mirror.Weaver", "Mirror.Weaver.csproj", "{01058D02-B1DD-EFA0-0415-DDD0167C292E}"
EndProject
Project("{FAE04EC0-301F-11D3-BF4B-00C04F79EFBC}") = "Mirror.Editor", "Mirror.Editor.csproj", "{62F37B1B-82B5-1730-5CB0-63B1988B86DD}"
EndProject
Project("{FAE04EC0-301F-11D3-BF4B-00C04F79EFBC}") = "Mirror.CompilerSymbols", "Mirror.CompilerSymbols.csproj", "{114F1800-0C80-213B-AF95-E34AA6C8C23E}"
EndProject
Global
	GlobalSection(SolutionConfigurationPlatforms) = preSolution
		Debug|Any CPU = Debug|Any CPU
		Release|Any CPU = Release|Any CPU
	EndGlobalSection
	GlobalSection(ProjectConfigurationPlatforms) = postSolution
		{371AC097-6FF0-4217-6234-D245821CDD15}.Debug|Any CPU.ActiveCfg = Debug|Any CPU
		{371AC097-6FF0-4217-6234-D245821CDD15}.Debug|Any CPU.Build.0 = Debug|Any CPU
		{371AC097-6FF0-4217-6234-D245821CDD15}.Release|Any CPU.ActiveCfg = Release|Any CPU
		{371AC097-6FF0-4217-6234-D245821CDD15}.Release|Any CPU.Build.0 = Release|Any CPU
		{5908AE7B-EA10-246A-62FA-563489BE0D5E}.Debug|Any CPU.ActiveCfg = Debug|Any CPU
		{5908AE7B-EA10-246A-62FA-563489BE0D5E}.Debug|Any CPU.Build.0 = Debug|Any CPU
		{5908AE7B-EA10-246A-62FA-563489BE0D5E}.Release|Any CPU.ActiveCfg = Release|Any CPU
		{5908AE7B-EA10-246A-62FA-563489BE0D5E}.Release|Any CPU.Build.0 = Release|Any CPU
		{E0404ABB-B95F-CC5E-2265-A594C4A8DC66}.Debug|Any CPU.ActiveCfg = Debug|Any CPU
		{E0404ABB-B95F-CC5E-2265-A594C4A8DC66}.Debug|Any CPU.Build.0 = Debug|Any CPU
		{E0404ABB-B95F-CC5E-2265-A594C4A8DC66}.Release|Any CPU.ActiveCfg = Release|Any CPU
		{E0404ABB-B95F-CC5E-2265-A594C4A8DC66}.Release|Any CPU.Build.0 = Release|Any CPU
		{0E5AE846-11C4-82B3-8FDC-265130604C5A}.Debug|Any CPU.ActiveCfg = Debug|Any CPU
		{0E5AE846-11C4-82B3-8FDC-265130604C5A}.Debug|Any CPU.Build.0 = Debug|Any CPU
		{0E5AE846-11C4-82B3-8FDC-265130604C5A}.Release|Any CPU.ActiveCfg = Release|Any CPU
		{0E5AE846-11C4-82B3-8FDC-265130604C5A}.Release|Any CPU.Build.0 = Release|Any CPU
		{BB71E8D9-EC83-E806-4F58-44DF5B194C94}.Debug|Any CPU.ActiveCfg = Debug|Any CPU
		{BB71E8D9-EC83-E806-4F58-44DF5B194C94}.Debug|Any CPU.Build.0 = Debug|Any CPU
		{BB71E8D9-EC83-E806-4F58-44DF5B194C94}.Release|Any CPU.ActiveCfg = Release|Any CPU
		{BB71E8D9-EC83-E806-4F58-44DF5B194C94}.Release|Any CPU.Build.0 = Release|Any CPU
		{86E8AD2B-5BC7-10CB-0949-3F4D98A73B95}.Debug|Any CPU.ActiveCfg = Debug|Any CPU
		{86E8AD2B-5BC7-10CB-0949-3F4D98A73B95}.Debug|Any CPU.Build.0 = Debug|Any CPU
		{86E8AD2B-5BC7-10CB-0949-3F4D98A73B95}.Release|Any CPU.ActiveCfg = Release|Any CPU
		{86E8AD2B-5BC7-10CB-0949-3F4D98A73B95}.Release|Any CPU.Build.0 = Release|Any CPU
		{01058D02-B1DD-EFA0-0415-DDD0167C292E}.Debug|Any CPU.ActiveCfg = Debug|Any CPU
		{01058D02-B1DD-EFA0-0415-DDD0167C292E}.Debug|Any CPU.Build.0 = Debug|Any CPU
		{01058D02-B1DD-EFA0-0415-DDD0167C292E}.Release|Any CPU.ActiveCfg = Release|Any CPU
		{01058D02-B1DD-EFA0-0415-DDD0167C292E}.Release|Any CPU.Build.0 = Release|Any CPU
		{62F37B1B-82B5-1730-5CB0-63B1988B86DD}.Debug|Any CPU.ActiveCfg = Debug|Any CPU
		{62F37B1B-82B5-1730-5CB0-63B1988B86DD}.Debug|Any CPU.Build.0 = Debug|Any CPU
		{62F37B1B-82B5-1730-5CB0-63B1988B86DD}.Release|Any CPU.ActiveCfg = Release|Any CPU
		{62F37B1B-82B5-1730-5CB0-63B1988B86DD}.Release|Any CPU.Build.0 = Release|Any CPU
		{114F1800-0C80-213B-AF95-E34AA6C8C23E}.Debug|Any CPU.ActiveCfg = Debug|Any CPU
		{114F1800-0C80-213B-AF95-E34AA6C8C23E}.Debug|Any CPU.Build.0 = Debug|Any CPU
		{114F1800-0C80-213B-AF95-E34AA6C8C23E}.Release|Any CPU.ActiveCfg = Release|Any CPU
		{114F1800-0C80-213B-AF95-E34AA6C8C23E}.Release|Any CPU.Build.0 = Release|Any CPU
	EndGlobalSection
	GlobalSection(SolutionProperties) = preSolution
		HideSolutionNode = FALSE
	EndGlobalSection
EndGlobal
